
Microsoft Visual Studio Solution File, Format Version 12.00
# Visual Studio Version 17
VisualStudioVersion = 17.8.34601.278
MinimumVisualStudioVersion = 10.0.40219.1
Project("{FAE04EC0-301F-11D3-BF4B-00C04F79EFBC}") = "PoppingNumbersLevel2", "PoppingNumbersLevel2\PoppingNumbersLevel2.csproj", "{1B78A73D-41C0-4494-B32D-13BC73143EB4}"
EndProject
Global
	GlobalSection(SolutionConfigurationPlatforms) = preSolution
		Debug|Any CPU = Debug|Any CPU
		Release|Any CPU = Release|Any CPU
	EndGlobalSection
	GlobalSection(ProjectConfigurationPlatforms) = postSolution
		{1B78A73D-41C0-4494-B32D-13BC73143EB4}.Debug|Any CPU.ActiveCfg = Debug|Any CPU
		{1B78A73D-41C0-4494-B32D-13BC73143EB4}.Debug|Any CPU.Build.0 = Debug|Any CPU
		{1B78A73D-41C0-4494-B32D-13BC73143EB4}.Release|Any CPU.ActiveCfg = Release|Any CPU
		{1B78A73D-41C0-4494-B32D-13BC73143EB4}.Release|Any CPU.Build.0 = Release|Any CPU
	EndGlobalSection
	GlobalSection(SolutionProperties) = preSolution
		HideSolutionNode = FALSE
	EndGlobalSection
	GlobalSection(ExtensibilityGlobals) = postSolution
		SolutionGuid = {D18A8C42-AB93-4067-B48F-36CB33585EBB}
	EndGlobalSection
EndGlobal
